
Microsoft Visual Studio Solution File, Format Version 12.00
# Visual Studio Version 17
VisualStudioVersion = 17.3.32819.101
MinimumVisualStudioVersion = 10.0.40219.1
Project("{9A19103F-16F7-4668-BE54-9A1E7A4F7556}") = "Lessons", "Lessons\Lessons.csproj", "{9B958D88-E211-4667-B262-2C7B41A12F78}"
EndProject
Project("{9A19103F-16F7-4668-BE54-9A1E7A4F7556}") = "HomeworkSerg", "HomeworkSerg\HomeworkSerg.csproj", "{03C80575-94E6-4780-A0AF-4FD053118F14}"
EndProject
Global
	GlobalSection(SolutionConfigurationPlatforms) = preSolution
		Debug|Any CPU = Debug|Any CPU
		Release|Any CPU = Release|Any CPU
	EndGlobalSection
	GlobalSection(ProjectConfigurationPlatforms) = postSolution
		{9B958D88-E211-4667-B262-2C7B41A12F78}.Debug|Any CPU.ActiveCfg = Debug|Any CPU
		{9B958D88-E211-4667-B262-2C7B41A12F78}.Debug|Any CPU.Build.0 = Debug|Any CPU
		{9B958D88-E211-4667-B262-2C7B41A12F78}.Release|Any CPU.ActiveCfg = Release|Any CPU
		{9B958D88-E211-4667-B262-2C7B41A12F78}.Release|Any CPU.Build.0 = Release|Any CPU
		{03C80575-94E6-4780-A0AF-4FD053118F14}.Debug|Any CPU.ActiveCfg = Debug|Any CPU
		{03C80575-94E6-4780-A0AF-4FD053118F14}.Debug|Any CPU.Build.0 = Debug|Any CPU
		{03C80575-94E6-4780-A0AF-4FD053118F14}.Release|Any CPU.ActiveCfg = Release|Any CPU
		{03C80575-94E6-4780-A0AF-4FD053118F14}.Release|Any CPU.Build.0 = Release|Any CPU
	EndGlobalSection
	GlobalSection(SolutionProperties) = preSolution
		HideSolutionNode = FALSE
	EndGlobalSection
	GlobalSection(ExtensibilityGlobals) = postSolution
		SolutionGuid = {057938B4-1294-4183-8CEF-9AFFC4F59653}
	EndGlobalSection
EndGlobal
