
Microsoft Visual Studio Solution File, Format Version 12.00
# Visual Studio Version 17
VisualStudioVersion = 17.0.31903.59
MinimumVisualStudioVersion = 10.0.40219.1
Project("{9A19103F-16F7-4668-BE54-9A1E7A4F7556}") = "Lessons", "Lessons\Lessons.csproj", "{9B958D88-E211-4667-B262-2C7B41A12F78}"
EndProject
Project("{9A19103F-16F7-4668-BE54-9A1E7A4F7556}") = "HomeworkOleg", "HomeworkOleg\HomeworkOleg.csproj", "{333ADE5A-67A0-4C60-9418-11C87CC325D0}"
EndProject
Project("{9A19103F-16F7-4668-BE54-9A1E7A4F7556}") = "HomeworkMargaret", "HomeworkMargaret\HomeworkMargaret.csproj", "{32333089-4491-4E88-A0DA-4EF3F70F8FCB}"
EndProject
Project("{9A19103F-16F7-4668-BE54-9A1E7A4F7556}") = "HomeworkDenis", "HomeworkDenis\HomeworkDenis.csproj", "{ED7B66F0-9F3D-44FF-8BAA-67C4EDCF065D}"
EndProject
Project("{FAE04EC0-301F-11D3-BF4B-00C04F79EFBC}") = "HomeworkSerg", "HomeworkSerg\HomeworkSerg.csproj", "{03C80575-94E6-4780-A0AF-4FD053118F14}"
EndProject
Global
	GlobalSection(SolutionConfigurationPlatforms) = preSolution
		Debug|Any CPU = Debug|Any CPU
		Release|Any CPU = Release|Any CPU
	EndGlobalSection
	GlobalSection(ProjectConfigurationPlatforms) = postSolution
		{9B958D88-E211-4667-B262-2C7B41A12F78}.Debug|Any CPU.ActiveCfg = Debug|Any CPU
		{9B958D88-E211-4667-B262-2C7B41A12F78}.Debug|Any CPU.Build.0 = Debug|Any CPU
		{9B958D88-E211-4667-B262-2C7B41A12F78}.Release|Any CPU.ActiveCfg = Release|Any CPU
		{9B958D88-E211-4667-B262-2C7B41A12F78}.Release|Any CPU.Build.0 = Release|Any CPU
		{333ADE5A-67A0-4C60-9418-11C87CC325D0}.Debug|Any CPU.ActiveCfg = Debug|Any CPU
		{333ADE5A-67A0-4C60-9418-11C87CC325D0}.Debug|Any CPU.Build.0 = Debug|Any CPU
		{333ADE5A-67A0-4C60-9418-11C87CC325D0}.Release|Any CPU.ActiveCfg = Release|Any CPU
		{333ADE5A-67A0-4C60-9418-11C87CC325D0}.Release|Any CPU.Build.0 = Release|Any CPU
		{32333089-4491-4E88-A0DA-4EF3F70F8FCB}.Debug|Any CPU.ActiveCfg = Debug|Any CPU
		{32333089-4491-4E88-A0DA-4EF3F70F8FCB}.Debug|Any CPU.Build.0 = Debug|Any CPU
		{32333089-4491-4E88-A0DA-4EF3F70F8FCB}.Release|Any CPU.ActiveCfg = Release|Any CPU
		{32333089-4491-4E88-A0DA-4EF3F70F8FCB}.Release|Any CPU.Build.0 = Release|Any CPU
		{ED7B66F0-9F3D-44FF-8BAA-67C4EDCF065D}.Debug|Any CPU.ActiveCfg = Debug|Any CPU
		{ED7B66F0-9F3D-44FF-8BAA-67C4EDCF065D}.Debug|Any CPU.Build.0 = Debug|Any CPU
		{ED7B66F0-9F3D-44FF-8BAA-67C4EDCF065D}.Release|Any CPU.ActiveCfg = Release|Any CPU
		{ED7B66F0-9F3D-44FF-8BAA-67C4EDCF065D}.Release|Any CPU.Build.0 = Release|Any CPU
		{03C80575-94E6-4780-A0AF-4FD053118F14}.Debug|Any CPU.ActiveCfg = Debug|Any CPU
		{03C80575-94E6-4780-A0AF-4FD053118F14}.Debug|Any CPU.Build.0 = Debug|Any CPU
		{03C80575-94E6-4780-A0AF-4FD053118F14}.Release|Any CPU.ActiveCfg = Release|Any CPU
		{03C80575-94E6-4780-A0AF-4FD053118F14}.Release|Any CPU.Build.0 = Release|Any CPU
	EndGlobalSection
	GlobalSection(SolutionProperties) = preSolution
		HideSolutionNode = FALSE
	EndGlobalSection
	GlobalSection(ExtensibilityGlobals) = postSolution
		SolutionGuid = {057938B4-1294-4183-8CEF-9AFFC4F59653}
	EndGlobalSection
EndGlobal
